
Microsoft Visual Studio Solution File, Format Version 12.00
# Visual Studio Version 16
VisualStudioVersion = 16.0.31624.102
MinimumVisualStudioVersion = 10.0.40219.1
Project("{FAE04EC0-301F-11D3-BF4B-00C04F79EFBC}") = "opening-weekend", "opening-weekend\opening-weekend.csproj", "{1CA182FB-9C2D-41E9-94F1-7387978FAB39}"
EndProject
Global
	GlobalSection(SolutionConfigurationPlatforms) = preSolution
		Debug|Any CPU = Debug|Any CPU
		Release|Any CPU = Release|Any CPU
	EndGlobalSection
	GlobalSection(ProjectConfigurationPlatforms) = postSolution
		{1CA182FB-9C2D-41E9-94F1-7387978FAB39}.Debug|Any CPU.ActiveCfg = Debug|Any CPU
		{1CA182FB-9C2D-41E9-94F1-7387978FAB39}.Debug|Any CPU.Build.0 = Debug|Any CPU
		{1CA182FB-9C2D-41E9-94F1-7387978FAB39}.Release|Any CPU.ActiveCfg = Release|Any CPU
		{1CA182FB-9C2D-41E9-94F1-7387978FAB39}.Release|Any CPU.Build.0 = Release|Any CPU
	EndGlobalSection
	GlobalSection(SolutionProperties) = preSolution
		HideSolutionNode = FALSE
	EndGlobalSection
	GlobalSection(ExtensibilityGlobals) = postSolution
		SolutionGuid = {1F56D2F9-7B1F-4C70-8018-C2D57F5801D4}
	EndGlobalSection
EndGlobal
